
Microsoft Visual Studio Solution File, Format Version 12.00
# Visual Studio Version 16
VisualStudioVersion = 16.0.809.0
MinimumVisualStudioVersion = 10.0.40219.1
Project("{FAE04EC0-301F-11D3-BF4B-00C04F79EFBC}") = "SampleEmptyApp", "SampleEmptyApp\SampleEmptyApp.csproj", "{969D9662-CB41-4913-BBD2-B9108BCDE92F}"
EndProject
Global
	GlobalSection(SolutionConfigurationPlatforms) = preSolution
		Debug|Any CPU = Debug|Any CPU
		Release|Any CPU = Release|Any CPU
	EndGlobalSection
	GlobalSection(ProjectConfigurationPlatforms) = postSolution
		{969D9662-CB41-4913-BBD2-B9108BCDE92F}.Debug|Any CPU.ActiveCfg = Debug|Any CPU
		{969D9662-CB41-4913-BBD2-B9108BCDE92F}.Debug|Any CPU.Build.0 = Debug|Any CPU
		{969D9662-CB41-4913-BBD2-B9108BCDE92F}.Release|Any CPU.ActiveCfg = Release|Any CPU
		{969D9662-CB41-4913-BBD2-B9108BCDE92F}.Release|Any CPU.Build.0 = Release|Any CPU
	EndGlobalSection
	GlobalSection(SolutionProperties) = preSolution
		HideSolutionNode = FALSE
	EndGlobalSection
	GlobalSection(ExtensibilityGlobals) = postSolution
		SolutionGuid = {58838425-BA21-4348-A151-5FA69F011A18}
	EndGlobalSection
EndGlobal
